
Microsoft Visual Studio Solution File, Format Version 12.00
# Visual Studio 15
Project("{2150E333-8FDC-42A3-9474-1A3956D46DE8}") = "5-Documents", "5-Documents", "{86AB5C04-0591-496C-8F38-BDEB9780ECEF}"
EndProject
Project("{2150E333-8FDC-42A3-9474-1A3956D46DE8}") = "1-FrontEnd", "1-FrontEnd", "{09791D04-B95D-43FA-B081-93257FC96DE0}"
EndProject
Project("{2150E333-8FDC-42A3-9474-1A3956D46DE8}") = "2-BackEnd", "2-BackEnd", "{BADBD22B-6FFC-47AC-BFA7-A6E6CA2A732A}"
EndProject
Project("{2150E333-8FDC-42A3-9474-1A3956D46DE8}") = "4-Tests", "4-Tests", "{89764631-6789-4455-A804-9C0596BF85DE}"
EndProject
Project("{2150E333-8FDC-42A3-9474-1A3956D46DE8}") = "0-Shared", "0-Shared", "{AA3F3C8F-109E-4ED8-8FE9-67573CB03380}"
EndProject
Project("{2150E333-8FDC-42A3-9474-1A3956D46DE8}") = "3-Framework", "3-Framework", "{366521FB-5948-4228-B170-5AA7F66479DB}"
EndProject
Project("{FAE04EC0-301F-11D3-BF4B-00C04F79EFBC}") = "Domain", "0-Shared\Domain\Domain.csproj", "{30CB06C0-2164-460A-AFE0-223215F3AC81}"
EndProject
Project("{FAE04EC0-301F-11D3-BF4B-00C04F79EFBC}") = "Framework.Core", "3-Framework\Framework.Core\Framework.Core.csproj", "{09EABB79-D295-4797-B2B6-BFBD920E8E5A}"
EndProject
Project("{FAE04EC0-301F-11D3-BF4B-00C04F79EFBC}") = "2.1-WebApi", "2-Backend\2.1-WebApi\2.1-WebApi.csproj", "{59553A97-ABA0-460A-B883-A0FD943395D1}"
EndProject
Project("{FAE04EC0-301F-11D3-BF4B-00C04F79EFBC}") = "2.2-ApplicationBusiness", "2-Backend\2.2-ApplicationBusiness\2.2-ApplicationBusiness.csproj", "{2C5DD5A4-B239-4763-97FC-D426D5A42577}"
EndProject
Project("{FAE04EC0-301F-11D3-BF4B-00C04F79EFBC}") = "2.3-Infra.CrossCutting.Bus", "2-Backend\2.3-Infra.CrossCutting.Bus\2.3-Infra.CrossCutting.Bus.csproj", "{C3C19762-3766-4F4A-8CEE-CCB995E2BE4E}"
EndProject
Project("{FAE04EC0-301F-11D3-BF4B-00C04F79EFBC}") = "2.4-Infra.Data", "2-Backend\2.4-Infra.Data\2.4-Infra.Data.csproj", "{9FE918BA-B662-4DB4-BA3D-A14D881B24BF}"
EndProject
Project("{FAE04EC0-301F-11D3-BF4B-00C04F79EFBC}") = "2.5-Infra.CrossCutting.IoC", "2-Backend\2.5-Infra.CrossCutting.IoC\2.5-Infra.CrossCutting.IoC.csproj", "{B97221F6-4EF9-49E4-B365-80FD2DBDB09D}"
EndProject
Global
	GlobalSection(SolutionConfigurationPlatforms) = preSolution
		Debug|Any CPU = Debug|Any CPU
		Release|Any CPU = Release|Any CPU
	EndGlobalSection
	GlobalSection(ProjectConfigurationPlatforms) = postSolution
		{30CB06C0-2164-460A-AFE0-223215F3AC81}.Debug|Any CPU.ActiveCfg = Debug|Any CPU
		{30CB06C0-2164-460A-AFE0-223215F3AC81}.Debug|Any CPU.Build.0 = Debug|Any CPU
		{30CB06C0-2164-460A-AFE0-223215F3AC81}.Release|Any CPU.ActiveCfg = Release|Any CPU
		{30CB06C0-2164-460A-AFE0-223215F3AC81}.Release|Any CPU.Build.0 = Release|Any CPU
		{09EABB79-D295-4797-B2B6-BFBD920E8E5A}.Debug|Any CPU.ActiveCfg = Debug|Any CPU
		{09EABB79-D295-4797-B2B6-BFBD920E8E5A}.Debug|Any CPU.Build.0 = Debug|Any CPU
		{09EABB79-D295-4797-B2B6-BFBD920E8E5A}.Release|Any CPU.ActiveCfg = Release|Any CPU
		{09EABB79-D295-4797-B2B6-BFBD920E8E5A}.Release|Any CPU.Build.0 = Release|Any CPU
		{59553A97-ABA0-460A-B883-A0FD943395D1}.Debug|Any CPU.ActiveCfg = Debug|Any CPU
		{59553A97-ABA0-460A-B883-A0FD943395D1}.Debug|Any CPU.Build.0 = Debug|Any CPU
		{59553A97-ABA0-460A-B883-A0FD943395D1}.Release|Any CPU.ActiveCfg = Release|Any CPU
		{59553A97-ABA0-460A-B883-A0FD943395D1}.Release|Any CPU.Build.0 = Release|Any CPU
		{2C5DD5A4-B239-4763-97FC-D426D5A42577}.Debug|Any CPU.ActiveCfg = Debug|Any CPU
		{2C5DD5A4-B239-4763-97FC-D426D5A42577}.Debug|Any CPU.Build.0 = Debug|Any CPU
		{2C5DD5A4-B239-4763-97FC-D426D5A42577}.Release|Any CPU.ActiveCfg = Release|Any CPU
		{2C5DD5A4-B239-4763-97FC-D426D5A42577}.Release|Any CPU.Build.0 = Release|Any CPU
		{C3C19762-3766-4F4A-8CEE-CCB995E2BE4E}.Debug|Any CPU.ActiveCfg = Debug|Any CPU
		{C3C19762-3766-4F4A-8CEE-CCB995E2BE4E}.Debug|Any CPU.Build.0 = Debug|Any CPU
		{C3C19762-3766-4F4A-8CEE-CCB995E2BE4E}.Release|Any CPU.ActiveCfg = Release|Any CPU
		{C3C19762-3766-4F4A-8CEE-CCB995E2BE4E}.Release|Any CPU.Build.0 = Release|Any CPU
		{9FE918BA-B662-4DB4-BA3D-A14D881B24BF}.Debug|Any CPU.ActiveCfg = Debug|Any CPU
		{9FE918BA-B662-4DB4-BA3D-A14D881B24BF}.Debug|Any CPU.Build.0 = Debug|Any CPU
		{9FE918BA-B662-4DB4-BA3D-A14D881B24BF}.Release|Any CPU.ActiveCfg = Release|Any CPU
		{9FE918BA-B662-4DB4-BA3D-A14D881B24BF}.Release|Any CPU.Build.0 = Release|Any CPU
		{B97221F6-4EF9-49E4-B365-80FD2DBDB09D}.Debug|Any CPU.ActiveCfg = Debug|Any CPU
		{B97221F6-4EF9-49E4-B365-80FD2DBDB09D}.Debug|Any CPU.Build.0 = Debug|Any CPU
		{B97221F6-4EF9-49E4-B365-80FD2DBDB09D}.Release|Any CPU.ActiveCfg = Release|Any CPU
		{B97221F6-4EF9-49E4-B365-80FD2DBDB09D}.Release|Any CPU.Build.0 = Release|Any CPU
	EndGlobalSection
	GlobalSection(NestedProjects) = preSolution
		{30CB06C0-2164-460A-AFE0-223215F3AC81} = {AA3F3C8F-109E-4ED8-8FE9-67573CB03380}
		{09EABB79-D295-4797-B2B6-BFBD920E8E5A} = {366521FB-5948-4228-B170-5AA7F66479DB}
		{59553A97-ABA0-460A-B883-A0FD943395D1} = {BADBD22B-6FFC-47AC-BFA7-A6E6CA2A732A}
		{2C5DD5A4-B239-4763-97FC-D426D5A42577} = {BADBD22B-6FFC-47AC-BFA7-A6E6CA2A732A}
		{C3C19762-3766-4F4A-8CEE-CCB995E2BE4E} = {BADBD22B-6FFC-47AC-BFA7-A6E6CA2A732A}
		{9FE918BA-B662-4DB4-BA3D-A14D881B24BF} = {BADBD22B-6FFC-47AC-BFA7-A6E6CA2A732A}
		{B97221F6-4EF9-49E4-B365-80FD2DBDB09D} = {BADBD22B-6FFC-47AC-BFA7-A6E6CA2A732A}
	EndGlobalSection
EndGlobal
