
Microsoft Visual Studio Solution File, Format Version 12.00
# Visual Studio 15
Project("{2150E333-8FDC-42A3-9474-1A3956D46DE8}") = "Documents", "Documents", "{86AB5C04-0591-496C-8F38-BDEB9780ECEF}"
	ProjectSection(SolutionItems) = preProject
		Documents\Locamail __ Bem-vindo a Uber Harold Jose.pdf = Documents\Locamail __ Bem-vindo a Uber Harold Jose.pdf
		Documents\RochelleApp_UML.mdj = Documents\RochelleApp_UML.mdj
		Documents\RochelleApp-FluxoAdmin.jpg = Documents\RochelleApp-FluxoAdmin.jpg
		Documents\RochelleApp-FluxoIndicado.jpg = Documents\RochelleApp-FluxoIndicado.jpg
		Documents\RochelleApp-Fluxonao indicado.jpg = Documents\RochelleApp-Fluxonao indicado.jpg
		Documents\RochelleApp.jpg = Documents\RochelleApp.jpg
		Documents\RochelleApp.xml = Documents\RochelleApp.xml
		Documents\Sketch_App.sketch = Documents\Sketch_App.sketch
	EndProjectSection
EndProject
Project("{2150E333-8FDC-42A3-9474-1A3956D46DE8}") = "1-Presentations", "1-Presentations", "{09791D04-B95D-43FA-B081-93257FC96DE0}"
EndProject
Project("{2150E333-8FDC-42A3-9474-1A3956D46DE8}") = "2-Services", "2-Services", "{BADBD22B-6FFC-47AC-BFA7-A6E6CA2A732A}"
EndProject
Project("{2150E333-8FDC-42A3-9474-1A3956D46DE8}") = "3-Application", "3-Application", "{47074B71-8A23-441A-B878-D6E920BF28FB}"
EndProject
Project("{2150E333-8FDC-42A3-9474-1A3956D46DE8}") = "4-Domain", "4-Domain", "{6A7D53C6-556E-48C1-A312-F32E7219F1A6}"
EndProject
Project("{2150E333-8FDC-42A3-9474-1A3956D46DE8}") = "5-Infra", "5-Infra", "{AE529BF2-1284-4FBE-8623-1454898F953C}"
EndProject
Project("{2150E333-8FDC-42A3-9474-1A3956D46DE8}") = "5.1-Data", "5.1-Data", "{FF186F3C-7D84-4D96-9205-907381A6DDAF}"
EndProject
Project("{2150E333-8FDC-42A3-9474-1A3956D46DE8}") = "5.2-CrossCutting", "5.2-CrossCutting", "{E766AE59-4849-478C-B0A1-2D0F6E7F69DF}"
EndProject
Project("{FAE04EC0-301F-11D3-BF4B-00C04F79EFBC}") = "UI.AndroidApp", "UI.AndroidApp\UI.AndroidApp.csproj", "{D0CCFC58-AEC0-4EFA-802F-CD79DC288A49}"
EndProject
Project("{FAE04EC0-301F-11D3-BF4B-00C04F79EFBC}") = "WebApi", "WebApi\WebApi.csproj", "{075F7656-BBC1-4B0B-9B6C-AD47C7EE1269}"
EndProject
Project("{FAE04EC0-301F-11D3-BF4B-00C04F79EFBC}") = "Infra.Data", "Infra.Data\Infra.Data.csproj", "{8D8C2F6E-5E27-4F91-9E7D-78658D4DF4B4}"
EndProject
Project("{FAE04EC0-301F-11D3-BF4B-00C04F79EFBC}") = "ApplicationBusiness", "ApplicationBusiness\ApplicationBusiness.csproj", "{BE7DAA85-2036-4757-8A3E-5120CD4E3231}"
EndProject
Project("{FAE04EC0-301F-11D3-BF4B-00C04F79EFBC}") = "Domain", "Domain\Domain.csproj", "{2CEE0E8E-8F19-412F-A69B-DB71D7325330}"
EndProject
Project("{FAE04EC0-301F-11D3-BF4B-00C04F79EFBC}") = "Infra.CrossCutting.IoC", "Infra.CrossCutting.IoC\Infra.CrossCutting.IoC.csproj", "{1992C7EA-E6E3-4C33-8390-A17B38BD81D0}"
EndProject
Global
	GlobalSection(SolutionConfigurationPlatforms) = preSolution
		Debug|Any CPU = Debug|Any CPU
		Release|Any CPU = Release|Any CPU
	EndGlobalSection
	GlobalSection(ProjectConfigurationPlatforms) = postSolution
		{D0CCFC58-AEC0-4EFA-802F-CD79DC288A49}.Debug|Any CPU.ActiveCfg = Debug|Any CPU
		{D0CCFC58-AEC0-4EFA-802F-CD79DC288A49}.Debug|Any CPU.Build.0 = Debug|Any CPU
		{D0CCFC58-AEC0-4EFA-802F-CD79DC288A49}.Release|Any CPU.ActiveCfg = Release|Any CPU
		{D0CCFC58-AEC0-4EFA-802F-CD79DC288A49}.Release|Any CPU.Build.0 = Release|Any CPU
		{075F7656-BBC1-4B0B-9B6C-AD47C7EE1269}.Debug|Any CPU.ActiveCfg = Debug|Any CPU
		{075F7656-BBC1-4B0B-9B6C-AD47C7EE1269}.Debug|Any CPU.Build.0 = Debug|Any CPU
		{075F7656-BBC1-4B0B-9B6C-AD47C7EE1269}.Release|Any CPU.ActiveCfg = Release|Any CPU
		{075F7656-BBC1-4B0B-9B6C-AD47C7EE1269}.Release|Any CPU.Build.0 = Release|Any CPU
		{8D8C2F6E-5E27-4F91-9E7D-78658D4DF4B4}.Debug|Any CPU.ActiveCfg = Debug|Any CPU
		{8D8C2F6E-5E27-4F91-9E7D-78658D4DF4B4}.Debug|Any CPU.Build.0 = Debug|Any CPU
		{8D8C2F6E-5E27-4F91-9E7D-78658D4DF4B4}.Release|Any CPU.ActiveCfg = Release|Any CPU
		{8D8C2F6E-5E27-4F91-9E7D-78658D4DF4B4}.Release|Any CPU.Build.0 = Release|Any CPU
		{BE7DAA85-2036-4757-8A3E-5120CD4E3231}.Debug|Any CPU.ActiveCfg = Debug|Any CPU
		{BE7DAA85-2036-4757-8A3E-5120CD4E3231}.Debug|Any CPU.Build.0 = Debug|Any CPU
		{BE7DAA85-2036-4757-8A3E-5120CD4E3231}.Release|Any CPU.ActiveCfg = Release|Any CPU
		{BE7DAA85-2036-4757-8A3E-5120CD4E3231}.Release|Any CPU.Build.0 = Release|Any CPU
		{2CEE0E8E-8F19-412F-A69B-DB71D7325330}.Debug|Any CPU.ActiveCfg = Debug|Any CPU
		{2CEE0E8E-8F19-412F-A69B-DB71D7325330}.Debug|Any CPU.Build.0 = Debug|Any CPU
		{2CEE0E8E-8F19-412F-A69B-DB71D7325330}.Release|Any CPU.ActiveCfg = Release|Any CPU
		{2CEE0E8E-8F19-412F-A69B-DB71D7325330}.Release|Any CPU.Build.0 = Release|Any CPU
		{1992C7EA-E6E3-4C33-8390-A17B38BD81D0}.Debug|Any CPU.ActiveCfg = Debug|Any CPU
		{1992C7EA-E6E3-4C33-8390-A17B38BD81D0}.Debug|Any CPU.Build.0 = Debug|Any CPU
		{1992C7EA-E6E3-4C33-8390-A17B38BD81D0}.Release|Any CPU.ActiveCfg = Release|Any CPU
		{1992C7EA-E6E3-4C33-8390-A17B38BD81D0}.Release|Any CPU.Build.0 = Release|Any CPU
	EndGlobalSection
	GlobalSection(NestedProjects) = preSolution
		{FF186F3C-7D84-4D96-9205-907381A6DDAF} = {AE529BF2-1284-4FBE-8623-1454898F953C}
		{E766AE59-4849-478C-B0A1-2D0F6E7F69DF} = {AE529BF2-1284-4FBE-8623-1454898F953C}
		{D0CCFC58-AEC0-4EFA-802F-CD79DC288A49} = {09791D04-B95D-43FA-B081-93257FC96DE0}
		{075F7656-BBC1-4B0B-9B6C-AD47C7EE1269} = {BADBD22B-6FFC-47AC-BFA7-A6E6CA2A732A}
		{8D8C2F6E-5E27-4F91-9E7D-78658D4DF4B4} = {FF186F3C-7D84-4D96-9205-907381A6DDAF}
		{BE7DAA85-2036-4757-8A3E-5120CD4E3231} = {47074B71-8A23-441A-B878-D6E920BF28FB}
		{2CEE0E8E-8F19-412F-A69B-DB71D7325330} = {6A7D53C6-556E-48C1-A312-F32E7219F1A6}
		{1992C7EA-E6E3-4C33-8390-A17B38BD81D0} = {E766AE59-4849-478C-B0A1-2D0F6E7F69DF}
	EndGlobalSection
EndGlobal
