
Microsoft Visual Studio Solution File, Format Version 12.00
# Visual Studio 15
Project("{2150E333-8FDC-42A3-9474-1A3956D46DE8}") = "5-Documents", "5-Documents", "{86AB5C04-0591-496C-8F38-BDEB9780ECEF}"
	ProjectSection(SolutionItems) = preProject
		Documents\Locamail __ Bem-vindo a Uber Harold Jose.pdf = Documents\Locamail __ Bem-vindo a Uber Harold Jose.pdf
		Documents\RochelleApp_UML.mdj = Documents\RochelleApp_UML.mdj
		Documents\RochelleApp-FluxoAdmin.jpg = Documents\RochelleApp-FluxoAdmin.jpg
		Documents\RochelleApp-FluxoIndicado.jpg = Documents\RochelleApp-FluxoIndicado.jpg
		Documents\RochelleApp-Fluxonao indicado.jpg = Documents\RochelleApp-Fluxonao indicado.jpg
		Documents\RochelleApp.jpg = Documents\RochelleApp.jpg
		Documents\RochelleApp.xml = Documents\RochelleApp.xml
		Documents\Sketch_App.sketch = Documents\Sketch_App.sketch
	EndProjectSection
EndProject
Project("{2150E333-8FDC-42A3-9474-1A3956D46DE8}") = "1-FrontEnd", "1-FrontEnd", "{09791D04-B95D-43FA-B081-93257FC96DE0}"
EndProject
Project("{2150E333-8FDC-42A3-9474-1A3956D46DE8}") = "2-BackEnd", "2-BackEnd", "{BADBD22B-6FFC-47AC-BFA7-A6E6CA2A732A}"
EndProject
Project("{FAE04EC0-301F-11D3-BF4B-00C04F79EFBC}") = "UI.AndroidApp", "UI.AndroidApp\UI.AndroidApp.csproj", "{D0CCFC58-AEC0-4EFA-802F-CD79DC288A49}"
EndProject
Project("{2150E333-8FDC-42A3-9474-1A3956D46DE8}") = "4-Tests", "4-Tests", "{89764631-6789-4455-A804-9C0596BF85DE}"
EndProject
Project("{FAE04EC0-301F-11D3-BF4B-00C04F79EFBC}") = "Domain.UnitTest", "UnitTest\Domain.UnitTest.csproj", "{6205E395-2EBD-4528-9FF7-131AFF57FD52}"
EndProject
Project("{FAE04EC0-301F-11D3-BF4B-00C04F79EFBC}") = "2.1-WebApi", "WebApi\2.1-WebApi.csproj", "{CE0E072C-C1FA-4067-A0C7-4168DD5EF4ED}"
EndProject
Project("{FAE04EC0-301F-11D3-BF4B-00C04F79EFBC}") = "Domain", "Domain\Domain.csproj", "{056E974F-2D8A-4DA5-929E-8B394659382E}"
EndProject
Project("{FAE04EC0-301F-11D3-BF4B-00C04F79EFBC}") = "2.2-ApplicationBusiness", "ApplicationBusiness\2.2-ApplicationBusiness.csproj", "{19AE9B9B-C7DC-49B4-BEBA-8446A7CA35E7}"
EndProject
Project("{FAE04EC0-301F-11D3-BF4B-00C04F79EFBC}") = "2.3-Infra.CrossCutting.Bus", "Infra.CrossCutting.Bus\2.3-Infra.CrossCutting.Bus.csproj", "{212AD05D-0606-46BC-B2A9-A24836262C47}"
EndProject
Project("{2150E333-8FDC-42A3-9474-1A3956D46DE8}") = "0-Shared", "0-Shared", "{AA3F3C8F-109E-4ED8-8FE9-67573CB03380}"
EndProject
Project("{2150E333-8FDC-42A3-9474-1A3956D46DE8}") = "3-Framework", "3-Framework", "{366521FB-5948-4228-B170-5AA7F66479DB}"
EndProject
Project("{FAE04EC0-301F-11D3-BF4B-00C04F79EFBC}") = "Framework.Core", "Framework.Core\Framework.Core.csproj", "{80FE5522-9AC4-4C1E-82C0-42D48F0E0C4D}"
EndProject
Project("{FAE04EC0-301F-11D3-BF4B-00C04F79EFBC}") = "2.4-Infra.Data", "Infra.Data\2.4-Infra.Data.csproj", "{5D7BEC04-2C51-41D7-B67C-C53141D8980C}"
EndProject
Project("{FAE04EC0-301F-11D3-BF4B-00C04F79EFBC}") = "2.5-Infra.CrossCutting.IoC", "Infra.CrossCutting.IoC\2.5-Infra.CrossCutting.IoC.csproj", "{9B9859FF-9BF7-4F1D-920C-494540597B69}"
EndProject
Global
	GlobalSection(SolutionConfigurationPlatforms) = preSolution
		Debug|Any CPU = Debug|Any CPU
		Release|Any CPU = Release|Any CPU
	EndGlobalSection
	GlobalSection(ProjectConfigurationPlatforms) = postSolution
		{D0CCFC58-AEC0-4EFA-802F-CD79DC288A49}.Debug|Any CPU.ActiveCfg = Debug|Any CPU
		{D0CCFC58-AEC0-4EFA-802F-CD79DC288A49}.Debug|Any CPU.Build.0 = Debug|Any CPU
		{D0CCFC58-AEC0-4EFA-802F-CD79DC288A49}.Release|Any CPU.ActiveCfg = Release|Any CPU
		{D0CCFC58-AEC0-4EFA-802F-CD79DC288A49}.Release|Any CPU.Build.0 = Release|Any CPU
		{6205E395-2EBD-4528-9FF7-131AFF57FD52}.Debug|Any CPU.ActiveCfg = Debug|Any CPU
		{6205E395-2EBD-4528-9FF7-131AFF57FD52}.Debug|Any CPU.Build.0 = Debug|Any CPU
		{6205E395-2EBD-4528-9FF7-131AFF57FD52}.Release|Any CPU.ActiveCfg = Release|Any CPU
		{6205E395-2EBD-4528-9FF7-131AFF57FD52}.Release|Any CPU.Build.0 = Release|Any CPU
		{CE0E072C-C1FA-4067-A0C7-4168DD5EF4ED}.Debug|Any CPU.ActiveCfg = Debug|Any CPU
		{CE0E072C-C1FA-4067-A0C7-4168DD5EF4ED}.Debug|Any CPU.Build.0 = Debug|Any CPU
		{CE0E072C-C1FA-4067-A0C7-4168DD5EF4ED}.Release|Any CPU.ActiveCfg = Release|Any CPU
		{CE0E072C-C1FA-4067-A0C7-4168DD5EF4ED}.Release|Any CPU.Build.0 = Release|Any CPU
		{056E974F-2D8A-4DA5-929E-8B394659382E}.Debug|Any CPU.ActiveCfg = Debug|Any CPU
		{056E974F-2D8A-4DA5-929E-8B394659382E}.Debug|Any CPU.Build.0 = Debug|Any CPU
		{056E974F-2D8A-4DA5-929E-8B394659382E}.Release|Any CPU.ActiveCfg = Release|Any CPU
		{056E974F-2D8A-4DA5-929E-8B394659382E}.Release|Any CPU.Build.0 = Release|Any CPU
		{19AE9B9B-C7DC-49B4-BEBA-8446A7CA35E7}.Debug|Any CPU.ActiveCfg = Debug|Any CPU
		{19AE9B9B-C7DC-49B4-BEBA-8446A7CA35E7}.Debug|Any CPU.Build.0 = Debug|Any CPU
		{19AE9B9B-C7DC-49B4-BEBA-8446A7CA35E7}.Release|Any CPU.ActiveCfg = Release|Any CPU
		{19AE9B9B-C7DC-49B4-BEBA-8446A7CA35E7}.Release|Any CPU.Build.0 = Release|Any CPU
		{212AD05D-0606-46BC-B2A9-A24836262C47}.Debug|Any CPU.ActiveCfg = Debug|Any CPU
		{212AD05D-0606-46BC-B2A9-A24836262C47}.Debug|Any CPU.Build.0 = Debug|Any CPU
		{212AD05D-0606-46BC-B2A9-A24836262C47}.Release|Any CPU.ActiveCfg = Release|Any CPU
		{212AD05D-0606-46BC-B2A9-A24836262C47}.Release|Any CPU.Build.0 = Release|Any CPU
		{80FE5522-9AC4-4C1E-82C0-42D48F0E0C4D}.Debug|Any CPU.ActiveCfg = Debug|Any CPU
		{80FE5522-9AC4-4C1E-82C0-42D48F0E0C4D}.Debug|Any CPU.Build.0 = Debug|Any CPU
		{80FE5522-9AC4-4C1E-82C0-42D48F0E0C4D}.Release|Any CPU.ActiveCfg = Release|Any CPU
		{80FE5522-9AC4-4C1E-82C0-42D48F0E0C4D}.Release|Any CPU.Build.0 = Release|Any CPU
		{5D7BEC04-2C51-41D7-B67C-C53141D8980C}.Debug|Any CPU.ActiveCfg = Debug|Any CPU
		{5D7BEC04-2C51-41D7-B67C-C53141D8980C}.Debug|Any CPU.Build.0 = Debug|Any CPU
		{5D7BEC04-2C51-41D7-B67C-C53141D8980C}.Release|Any CPU.ActiveCfg = Release|Any CPU
		{5D7BEC04-2C51-41D7-B67C-C53141D8980C}.Release|Any CPU.Build.0 = Release|Any CPU
		{9B9859FF-9BF7-4F1D-920C-494540597B69}.Debug|Any CPU.ActiveCfg = Debug|Any CPU
		{9B9859FF-9BF7-4F1D-920C-494540597B69}.Debug|Any CPU.Build.0 = Debug|Any CPU
		{9B9859FF-9BF7-4F1D-920C-494540597B69}.Release|Any CPU.ActiveCfg = Release|Any CPU
		{9B9859FF-9BF7-4F1D-920C-494540597B69}.Release|Any CPU.Build.0 = Release|Any CPU
	EndGlobalSection
	GlobalSection(NestedProjects) = preSolution
		{D0CCFC58-AEC0-4EFA-802F-CD79DC288A49} = {09791D04-B95D-43FA-B081-93257FC96DE0}
		{6205E395-2EBD-4528-9FF7-131AFF57FD52} = {89764631-6789-4455-A804-9C0596BF85DE}
		{CE0E072C-C1FA-4067-A0C7-4168DD5EF4ED} = {BADBD22B-6FFC-47AC-BFA7-A6E6CA2A732A}
		{056E974F-2D8A-4DA5-929E-8B394659382E} = {AA3F3C8F-109E-4ED8-8FE9-67573CB03380}
		{19AE9B9B-C7DC-49B4-BEBA-8446A7CA35E7} = {BADBD22B-6FFC-47AC-BFA7-A6E6CA2A732A}
		{212AD05D-0606-46BC-B2A9-A24836262C47} = {BADBD22B-6FFC-47AC-BFA7-A6E6CA2A732A}
		{80FE5522-9AC4-4C1E-82C0-42D48F0E0C4D} = {366521FB-5948-4228-B170-5AA7F66479DB}
		{5D7BEC04-2C51-41D7-B67C-C53141D8980C} = {BADBD22B-6FFC-47AC-BFA7-A6E6CA2A732A}
		{9B9859FF-9BF7-4F1D-920C-494540597B69} = {BADBD22B-6FFC-47AC-BFA7-A6E6CA2A732A}
	EndGlobalSection
EndGlobal
